
Microsoft Visual Studio Solution File, Format Version 12.00
# Visual Studio 2013
VisualStudioVersion = 12.0.21005.1
MinimumVisualStudioVersion = 10.0.40219.1
Project("{FAE04EC0-301F-11D3-BF4B-00C04F79EFBC}") = "nml.tests", "nml.tests\nml.tests.csproj", "{B7EB695D-613A-439D-9876-CA0AF0E54855}"
EndProject
Project("{FAE04EC0-301F-11D3-BF4B-00C04F79EFBC}") = "nml", "nml\nml.csproj", "{0E988ACA-48B8-40E8-AD71-1A52B0B00CCC}"
EndProject
Project("{FAE04EC0-301F-11D3-BF4B-00C04F79EFBC}") = "nml-testbed", "nml-testbed\nml-testbed.csproj", "{4374A82F-9AC7-4E34-A490-4DC34A6C9390}"
EndProject
Global
	GlobalSection(SolutionConfigurationPlatforms) = preSolution
		Debug|Any CPU = Debug|Any CPU
		Release|Any CPU = Release|Any CPU
	EndGlobalSection
	GlobalSection(ProjectConfigurationPlatforms) = postSolution
		{B7EB695D-613A-439D-9876-CA0AF0E54855}.Debug|Any CPU.ActiveCfg = Debug|Any CPU
		{B7EB695D-613A-439D-9876-CA0AF0E54855}.Debug|Any CPU.Build.0 = Debug|Any CPU
		{B7EB695D-613A-439D-9876-CA0AF0E54855}.Release|Any CPU.ActiveCfg = Release|Any CPU
		{B7EB695D-613A-439D-9876-CA0AF0E54855}.Release|Any CPU.Build.0 = Release|Any CPU
		{0E988ACA-48B8-40E8-AD71-1A52B0B00CCC}.Debug|Any CPU.ActiveCfg = Debug|Any CPU
		{0E988ACA-48B8-40E8-AD71-1A52B0B00CCC}.Debug|Any CPU.Build.0 = Debug|Any CPU
		{0E988ACA-48B8-40E8-AD71-1A52B0B00CCC}.Release|Any CPU.ActiveCfg = Release|Any CPU
		{0E988ACA-48B8-40E8-AD71-1A52B0B00CCC}.Release|Any CPU.Build.0 = Release|Any CPU
		{4374A82F-9AC7-4E34-A490-4DC34A6C9390}.Debug|Any CPU.ActiveCfg = Debug|Any CPU
		{4374A82F-9AC7-4E34-A490-4DC34A6C9390}.Debug|Any CPU.Build.0 = Debug|Any CPU
		{4374A82F-9AC7-4E34-A490-4DC34A6C9390}.Release|Any CPU.ActiveCfg = Release|Any CPU
		{4374A82F-9AC7-4E34-A490-4DC34A6C9390}.Release|Any CPU.Build.0 = Release|Any CPU
	EndGlobalSection
	GlobalSection(SolutionProperties) = preSolution
		HideSolutionNode = FALSE
	EndGlobalSection
EndGlobal
