
Microsoft Visual Studio Solution File, Format Version 12.00
# Visual Studio 15
VisualStudioVersion = 15.0.26228.4
MinimumVisualStudioVersion = 10.0.40219.1
Project("{9A19103F-16F7-4668-BE54-9A1E7A4F7556}") = "nml", "nml\nml.csproj", "{22EB3904-B487-4CBF-A5FF-B895CF6D50A6}"
EndProject
Project("{9A19103F-16F7-4668-BE54-9A1E7A4F7556}") = "nml.tests", "nml.tests\nml.tests.csproj", "{C91A501E-6DDD-4279-B11C-6CD322B5A921}"
EndProject
Project("{9A19103F-16F7-4668-BE54-9A1E7A4F7556}") = "nml.benchmarks", "nml.benchmarks\nml.benchmarks.csproj", "{80AA0890-938F-4C1C-AB7B-C054C8AE6683}"
EndProject
Global
	GlobalSection(SolutionConfigurationPlatforms) = preSolution
		Debug|Any CPU = Debug|Any CPU
		Release|Any CPU = Release|Any CPU
	EndGlobalSection
	GlobalSection(ProjectConfigurationPlatforms) = postSolution
		{22EB3904-B487-4CBF-A5FF-B895CF6D50A6}.Debug|Any CPU.ActiveCfg = Debug|Any CPU
		{22EB3904-B487-4CBF-A5FF-B895CF6D50A6}.Debug|Any CPU.Build.0 = Debug|Any CPU
		{22EB3904-B487-4CBF-A5FF-B895CF6D50A6}.Release|Any CPU.ActiveCfg = Release|Any CPU
		{22EB3904-B487-4CBF-A5FF-B895CF6D50A6}.Release|Any CPU.Build.0 = Release|Any CPU
		{C91A501E-6DDD-4279-B11C-6CD322B5A921}.Debug|Any CPU.ActiveCfg = Debug|Any CPU
		{C91A501E-6DDD-4279-B11C-6CD322B5A921}.Debug|Any CPU.Build.0 = Debug|Any CPU
		{C91A501E-6DDD-4279-B11C-6CD322B5A921}.Release|Any CPU.ActiveCfg = Release|Any CPU
		{C91A501E-6DDD-4279-B11C-6CD322B5A921}.Release|Any CPU.Build.0 = Release|Any CPU
		{80AA0890-938F-4C1C-AB7B-C054C8AE6683}.Debug|Any CPU.ActiveCfg = Debug|Any CPU
		{80AA0890-938F-4C1C-AB7B-C054C8AE6683}.Debug|Any CPU.Build.0 = Debug|Any CPU
		{80AA0890-938F-4C1C-AB7B-C054C8AE6683}.Release|Any CPU.ActiveCfg = Release|Any CPU
		{80AA0890-938F-4C1C-AB7B-C054C8AE6683}.Release|Any CPU.Build.0 = Release|Any CPU
	EndGlobalSection
	GlobalSection(SolutionProperties) = preSolution
		HideSolutionNode = FALSE
	EndGlobalSection
EndGlobal
